
Microsoft Visual Studio Solution File, Format Version 12.00
# Visual Studio Version 17
VisualStudioVersion = 17.14.36717.8
MinimumVisualStudioVersion = 10.0.40219.1
Project("{8BC9CEB8-8B4A-11D0-8D11-00A0C91BC942}") = "3.12", "3.12\3.12.vcxproj", "{9F15834E-EF61-4C44-A6FC-629D8BCE4AF0}"
EndProject
Project("{8BC9CEB8-8B4A-11D0-8D11-00A0C91BC942}") = "3.13", "3.13\3.13.vcxproj", "{C03858A7-CCE8-4165-B9D1-A64B8984EC4C}"
EndProject
Project("{8BC9CEB8-8B4A-11D0-8D11-00A0C91BC942}") = "3.14", "3.14\3.14.vcxproj", "{A96CFCCB-66D1-4AF2-84F7-29C9738DE4A8}"
EndProject
Project("{8BC9CEB8-8B4A-11D0-8D11-00A0C91BC942}") = "3.15", "3.15\3.15.vcxproj", "{CF5C610C-4922-4CAC-AFA6-4764166BC197}"
EndProject
Project("{8BC9CEB8-8B4A-11D0-8D11-00A0C91BC942}") = "3.16", "3.16\3.16.vcxproj", "{986451D6-00C2-4213-8723-560716F3766A}"
EndProject
Project("{8BC9CEB8-8B4A-11D0-8D11-00A0C91BC942}") = "3.17", "3.17\3.17.vcxproj", "{55D7FC69-66C0-406B-8788-2EEF18292B3F}"
EndProject
Global
	GlobalSection(SolutionConfigurationPlatforms) = preSolution
		Debug|x64 = Debug|x64
		Debug|x86 = Debug|x86
		Release|x64 = Release|x64
		Release|x86 = Release|x86
	EndGlobalSection
	GlobalSection(ProjectConfigurationPlatforms) = postSolution
		{9F15834E-EF61-4C44-A6FC-629D8BCE4AF0}.Debug|x64.ActiveCfg = Debug|x64
		{9F15834E-EF61-4C44-A6FC-629D8BCE4AF0}.Debug|x64.Build.0 = Debug|x64
		{9F15834E-EF61-4C44-A6FC-629D8BCE4AF0}.Debug|x86.ActiveCfg = Debug|Win32
		{9F15834E-EF61-4C44-A6FC-629D8BCE4AF0}.Debug|x86.Build.0 = Debug|Win32
		{9F15834E-EF61-4C44-A6FC-629D8BCE4AF0}.Release|x64.ActiveCfg = Release|x64
		{9F15834E-EF61-4C44-A6FC-629D8BCE4AF0}.Release|x64.Build.0 = Release|x64
		{9F15834E-EF61-4C44-A6FC-629D8BCE4AF0}.Release|x86.ActiveCfg = Release|Win32
		{9F15834E-EF61-4C44-A6FC-629D8BCE4AF0}.Release|x86.Build.0 = Release|Win32
		{C03858A7-CCE8-4165-B9D1-A64B8984EC4C}.Debug|x64.ActiveCfg = Debug|x64
		{C03858A7-CCE8-4165-B9D1-A64B8984EC4C}.Debug|x64.Build.0 = Debug|x64
		{C03858A7-CCE8-4165-B9D1-A64B8984EC4C}.Debug|x86.ActiveCfg = Debug|Win32
		{C03858A7-CCE8-4165-B9D1-A64B8984EC4C}.Debug|x86.Build.0 = Debug|Win32
		{C03858A7-CCE8-4165-B9D1-A64B8984EC4C}.Release|x64.ActiveCfg = Release|x64
		{C03858A7-CCE8-4165-B9D1-A64B8984EC4C}.Release|x64.Build.0 = Release|x64
		{C03858A7-CCE8-4165-B9D1-A64B8984EC4C}.Release|x86.ActiveCfg = Release|Win32
		{C03858A7-CCE8-4165-B9D1-A64B8984EC4C}.Release|x86.Build.0 = Release|Win32
		{A96CFCCB-66D1-4AF2-84F7-29C9738DE4A8}.Debug|x64.ActiveCfg = Debug|x64
		{A96CFCCB-66D1-4AF2-84F7-29C9738DE4A8}.Debug|x64.Build.0 = Debug|x64
		{A96CFCCB-66D1-4AF2-84F7-29C9738DE4A8}.Debug|x86.ActiveCfg = Debug|Win32
		{A96CFCCB-66D1-4AF2-84F7-29C9738DE4A8}.Debug|x86.Build.0 = Debug|Win32
		{A96CFCCB-66D1-4AF2-84F7-29C9738DE4A8}.Release|x64.ActiveCfg = Release|x64
		{A96CFCCB-66D1-4AF2-84F7-29C9738DE4A8}.Release|x64.Build.0 = Release|x64
		{A96CFCCB-66D1-4AF2-84F7-29C9738DE4A8}.Release|x86.ActiveCfg = Release|Win32
		{A96CFCCB-66D1-4AF2-84F7-29C9738DE4A8}.Release|x86.Build.0 = Release|Win32
		{CF5C610C-4922-4CAC-AFA6-4764166BC197}.Debug|x64.ActiveCfg = Debug|x64
		{CF5C610C-4922-4CAC-AFA6-4764166BC197}.Debug|x64.Build.0 = Debug|x64
		{CF5C610C-4922-4CAC-AFA6-4764166BC197}.Debug|x86.ActiveCfg = Debug|Win32
		{CF5C610C-4922-4CAC-AFA6-4764166BC197}.Debug|x86.Build.0 = Debug|Win32
		{CF5C610C-4922-4CAC-AFA6-4764166BC197}.Release|x64.ActiveCfg = Release|x64
		{CF5C610C-4922-4CAC-AFA6-4764166BC197}.Release|x64.Build.0 = Release|x64
		{CF5C610C-4922-4CAC-AFA6-4764166BC197}.Release|x86.ActiveCfg = Release|Win32
		{CF5C610C-4922-4CAC-AFA6-4764166BC197}.Release|x86.Build.0 = Release|Win32
		{986451D6-00C2-4213-8723-560716F3766A}.Debug|x64.ActiveCfg = Debug|x64
		{986451D6-00C2-4213-8723-560716F3766A}.Debug|x64.Build.0 = Debug|x64
		{986451D6-00C2-4213-8723-560716F3766A}.Debug|x86.ActiveCfg = Debug|Win32
		{986451D6-00C2-4213-8723-560716F3766A}.Debug|x86.Build.0 = Debug|Win32
		{986451D6-00C2-4213-8723-560716F3766A}.Release|x64.ActiveCfg = Release|x64
		{986451D6-00C2-4213-8723-560716F3766A}.Release|x64.Build.0 = Release|x64
		{986451D6-00C2-4213-8723-560716F3766A}.Release|x86.ActiveCfg = Release|Win32
		{986451D6-00C2-4213-8723-560716F3766A}.Release|x86.Build.0 = Release|Win32
		{55D7FC69-66C0-406B-8788-2EEF18292B3F}.Debug|x64.ActiveCfg = Debug|x64
		{55D7FC69-66C0-406B-8788-2EEF18292B3F}.Debug|x64.Build.0 = Debug|x64
		{55D7FC69-66C0-406B-8788-2EEF18292B3F}.Debug|x86.ActiveCfg = Debug|Win32
		{55D7FC69-66C0-406B-8788-2EEF18292B3F}.Debug|x86.Build.0 = Debug|Win32
		{55D7FC69-66C0-406B-8788-2EEF18292B3F}.Release|x64.ActiveCfg = Release|x64
		{55D7FC69-66C0-406B-8788-2EEF18292B3F}.Release|x64.Build.0 = Release|x64
		{55D7FC69-66C0-406B-8788-2EEF18292B3F}.Release|x86.ActiveCfg = Release|Win32
		{55D7FC69-66C0-406B-8788-2EEF18292B3F}.Release|x86.Build.0 = Release|Win32
	EndGlobalSection
	GlobalSection(SolutionProperties) = preSolution
		HideSolutionNode = FALSE
	EndGlobalSection
	GlobalSection(ExtensibilityGlobals) = postSolution
		SolutionGuid = {926A5C0C-6EB7-4F5D-8D9F-AFE5C60A8503}
	EndGlobalSection
EndGlobal
